PODS:
  - GPUImage (0.1.17)
  - LFLiveKit (2.6):
    - GPUImage

DEPENDENCIES:
  - "GPUImage (from `git@git.zerozero.cn:iOS/GPUImage.git`)"
  - LFLiveKit (from `../../live_kit/LFLiveKit/`)

EXTERNAL SOURCES:
  GPUImage:
    :git: "git@git.zerozero.cn:iOS/GPUImage.git"
  LFLiveKit:
    :path: "../../live_kit/LFLiveKit/"

CHECKOUT OPTIONS:
  GPUImage:
    :commit: eb78b0948344ad12b9adc0ee96449a7343c36495
    :git: "git@git.zerozero.cn:iOS/GPUImage.git"

SPEC CHECKSUMS:
  GPUImage: 6efb4b2f03d1019b989873651d3208e491256f87
  LFLiveKit: 235f270a5eb1a315f7c782a51fb8671496382aef

PODFILE CHECKSUM: 3b2fabf1c6b64a7c94541f0277b962ee16d208b4

COCOAPODS: 1.8.4
