// !$*UTF8*$!
{
	archiveVersion = 1;
	classes = {
	};
	objectVersion = 50;
	objects = {

/* Begin PBXBuildFile section */
		324D470B2449927C00F8F042 /* AppDelegate.swift in Sources */ = {isa = PBXBuildFile; fileRef = 324D470A2449927C00F8F042 /* AppDelegate.swift */; };
		324D470F2449927C00F8F042 /* ViewController.swift in Sources */ = {isa = PBXBuildFile; fileRef = 324D470E2449927C00F8F042 /* ViewController.swift */; };
		324D47122449927C00F8F042 /* Main.storyboard in Resources */ = {isa = PBXBuildFile; fileRef = 324D47102449927C00F8F042 /* Main.storyboard */; };
		324D47142449927E00F8F042 /* Assets.xcassets in Resources */ = {isa = PBXBuildFile; fileRef = 324D47132449927E00F8F042 /* Assets.xcassets */; };
		324D47172449927E00F8F042 /* LaunchScreen.storyboard in Resources */ = {isa = PBXBuildFile; fileRef = 324D47152449927E00F8F042 /* LaunchScreen.storyboard */; };
		324D47222449927E00F8F042 /* FrameInComputeTests.swift in Sources */ = {isa = PBXBuildFile; fileRef = 324D47212449927E00F8F042 /* FrameInComputeTests.swift */; };
		324D472D2449927E00F8F042 /* FrameInComputeUITests.swift in Sources */ = {isa = PBXBuildFile; fileRef = 324D472C2449927E00F8F042 /* FrameInComputeUITests.swift */; };
		324D473B244993E900F8F042 /* rptVideo.mp4 in Resources */ = {isa = PBXBuildFile; fileRef = 324D473A244993E900F8F042 /* rptVideo.mp4 */; };
		324D490F2449AE8200F8F042 /* PreviewView.swift in Sources */ = {isa = PBXBuildFile; fileRef = 324D490E2449AE8200F8F042 /* PreviewView.swift */; };
		324D4AE4244AE74B00F8F042 /* FrameMixShaders.metal in Sources */ = {isa = PBXBuildFile; fileRef = 324D4AE3244AE74B00F8F042 /* FrameMixShaders.metal */; };
		324D4AE8244AFFB300F8F042 /* FrameMixer.swift in Sources */ = {isa = PBXBuildFile; fileRef = 324D4AE7244AFFB300F8F042 /* FrameMixer.swift */; };
		324D4E8F244D743E00F8F042 /* MixerUtilities.swift in Sources */ = {isa = PBXBuildFile; fileRef = 324D4E8E244D743E00F8F042 /* MixerUtilities.swift */; };
		324D5237244E8DBB00F8F042 /* DisplayView.swift in Sources */ = {isa = PBXBuildFile; fileRef = 324D5236244E8DBB00F8F042 /* DisplayView.swift */; };
/* End PBXBuildFile section */

/* Begin PBXContainerItemProxy section */
		324D471E2449927E00F8F042 /* PBXContainerItemProxy */ = {
			isa = PBXContainerItemProxy;
			containerPortal = 324D46FF2449927C00F8F042 /* Project object */;
			proxyType = 1;
			remoteGlobalIDString = 324D47062449927C00F8F042;
			remoteInfo = FrameInCompute;
		};
		324D47292449927E00F8F042 /* PBXContainerItemProxy */ = {
			isa = PBXContainerItemProxy;
			containerPortal = 324D46FF2449927C00F8F042 /* Project object */;
			proxyType = 1;
			remoteGlobalIDString = 324D47062449927C00F8F042;
			remoteInfo = FrameInCompute;
		};
/* End PBXContainerItemProxy section */

/* Begin PBXFileReference section */
		324D47072449927C00F8F042 /* FrameInCompute.app */ = {isa = PBXFileReference; explicitFileType = wrapper.application; includeInIndex = 0; path = FrameInCompute.app; sourceTree = BUILT_PRODUCTS_DIR; };
		324D470A2449927C00F8F042 /* AppDelegate.swift */ = {isa = PBXFileReference; lastKnownFileType = sourcecode.swift; path = AppDelegate.swift; sourceTree = "<group>"; };
		324D470E2449927C00F8F042 /* ViewController.swift */ = {isa = PBXFileReference; lastKnownFileType = sourcecode.swift; path = ViewController.swift; sourceTree = "<group>"; };
		324D47112449927C00F8F042 /* Base */ = {isa = PBXFileReference; lastKnownFileType = file.storyboard; name = Base; path = Base.lproj/Main.storyboard; sourceTree = "<group>"; };
		324D47132449927E00F8F042 /* Assets.xcassets */ = {isa = PBXFileReference; lastKnownFileType = folder.assetcatalog; path = Assets.xcassets; sourceTree = "<group>"; };
		324D47162449927E00F8F042 /* Base */ = {isa = PBXFileReference; lastKnownFileType = file.storyboard; name = Base; path = Base.lproj/LaunchScreen.storyboard; sourceTree = "<group>"; };
		324D47182449927E00F8F042 /* Info.plist */ = {isa = PBXFileReference; lastKnownFileType = text.plist.xml; path = Info.plist; sourceTree = "<group>"; };
		324D471D2449927E00F8F042 /* FrameInComputeTests.xctest */ = {isa = PBXFileReference; explicitFileType = wrapper.cfbundle; includeInIndex = 0; path = FrameInComputeTests.xctest; sourceTree = BUILT_PRODUCTS_DIR; };
		324D47212449927E00F8F042 /* FrameInComputeTests.swift */ = {isa = PBXFileReference; lastKnownFileType = sourcecode.swift; path = FrameInComputeTests.swift; sourceTree = "<group>"; };
		324D47232449927E00F8F042 /* Info.plist */ = {isa = PBXFileReference; lastKnownFileType = text.plist.xml; path = Info.plist; sourceTree = "<group>"; };
		324D47282449927E00F8F042 /* FrameInComputeUITests.xctest */ = {isa = PBXFileReference; explicitFileType = wrapper.cfbundle; includeInIndex = 0; path = FrameInComputeUITests.xctest; sourceTree = BUILT_PRODUCTS_DIR; };
		324D472C2449927E00F8F042 /* FrameInComputeUITests.swift */ = {isa = PBXFileReference; lastKnownFileType = sourcecode.swift; path = FrameInComputeUITests.swift; sourceTree = "<group>"; };
		324D472E2449927E00F8F042 /* Info.plist */ = {isa = PBXFileReference; lastKnownFileType = text.plist.xml; path = Info.plist; sourceTree = "<group>"; };
		324D473A244993E900F8F042 /* rptVideo.mp4 */ = {isa = PBXFileReference; lastKnownFileType = file; path = rptVideo.mp4; sourceTree = "<group>"; };
		324D490E2449AE8200F8F042 /* PreviewView.swift */ = {isa = PBXFileReference; fileEncoding = 4; lastKnownFileType = sourcecode.swift; path = PreviewView.swift; sourceTree = "<group>"; };
		324D4AE3244AE74B00F8F042 /* FrameMixShaders.metal */ = {isa = PBXFileReference; lastKnownFileType = sourcecode.metal; name = FrameMixShaders.metal; path = ../../FrameMixShaders.metal; sourceTree = "<group>"; };
		324D4AE7244AFFB300F8F042 /* FrameMixer.swift */ = {isa = PBXFileReference; lastKnownFileType = sourcecode.swift; path = FrameMixer.swift; sourceTree = "<group>"; };
		324D4E8E244D743E00F8F042 /* MixerUtilities.swift */ = {isa = PBXFileReference; lastKnownFileType = sourcecode.swift; path = MixerUtilities.swift; sourceTree = "<group>"; };
		324D5236244E8DBB00F8F042 /* DisplayView.swift */ = {isa = PBXFileReference; lastKnownFileType = sourcecode.swift; path = DisplayView.swift; sourceTree = "<group>"; };
/* End PBXFileReference section */

/* Begin PBXFrameworksBuildPhase section */
		324D47042449927C00F8F042 /* Frameworks */ = {
			isa = PBXFrameworksBuildPhase;
			buildActionMask = 2147483647;
			files = (
			);
			runOnlyForDeploymentPostprocessing = 0;
		};
		324D471A2449927E00F8F042 /* Frameworks */ = {
			isa = PBXFrameworksBuildPhase;
			buildActionMask = 2147483647;
			files = (
			);
			runOnlyForDeploymentPostprocessing = 0;
		};
		324D47252449927E00F8F042 /* Frameworks */ = {
			isa = PBXFrameworksBuildPhase;
			buildActionMask = 2147483647;
			files = (
			);
			runOnlyForDeploymentPostprocessing = 0;
		};
/* End PBXFrameworksBuildPhase section */

/* Begin PBXGroup section */
		324D46FE2449927C00F8F042 = {
			isa = PBXGroup;
			children = (
				324D47092449927C00F8F042 /* FrameInCompute */,
				324D47202449927E00F8F042 /* FrameInComputeTests */,
				324D472B2449927E00F8F042 /* FrameInComputeUITests */,
				324D47082449927C00F8F042 /* Products */,
			);
			sourceTree = "<group>";
		};
		324D47082449927C00F8F042 /* Products */ = {
			isa = PBXGroup;
			children = (
				324D47072449927C00F8F042 /* FrameInCompute.app */,
				324D471D2449927E00F8F042 /* FrameInComputeTests.xctest */,
				324D47282449927E00F8F042 /* FrameInComputeUITests.xctest */,
			);
			name = Products;
			sourceTree = "<group>";
		};
		324D47092449927C00F8F042 /* FrameInCompute */ = {
			isa = PBXGroup;
			children = (
				324D473A244993E900F8F042 /* rptVideo.mp4 */,
				324D470A2449927C00F8F042 /* AppDelegate.swift */,
				324D490E2449AE8200F8F042 /* PreviewView.swift */,
				324D5236244E8DBB00F8F042 /* DisplayView.swift */,
				324D470E2449927C00F8F042 /* ViewController.swift */,
				324D47102449927C00F8F042 /* Main.storyboard */,
				324D47132449927E00F8F042 /* Assets.xcassets */,
				324D47152449927E00F8F042 /* LaunchScreen.storyboard */,
				324D47182449927E00F8F042 /* Info.plist */,
				324D4AE3244AE74B00F8F042 /* FrameMixShaders.metal */,
				324D4AE7244AFFB300F8F042 /* FrameMixer.swift */,
				324D4E8E244D743E00F8F042 /* MixerUtilities.swift */,
			);
			path = FrameInCompute;
			sourceTree = "<group>";
		};
		324D47202449927E00F8F042 /* FrameInComputeTests */ = {
			isa = PBXGroup;
			children = (
				324D47212449927E00F8F042 /* FrameInComputeTests.swift */,
				324D47232449927E00F8F042 /* Info.plist */,
			);
			path = FrameInComputeTests;
			sourceTree = "<group>";
		};
		324D472B2449927E00F8F042 /* FrameInComputeUITests */ = {
			isa = PBXGroup;
			children = (
				324D472C2449927E00F8F042 /* FrameInComputeUITests.swift */,
				324D472E2449927E00F8F042 /* Info.plist */,
			);
			path = FrameInComputeUITests;
			sourceTree = "<group>";
		};
/* End PBXGroup section */

/* Begin PBXNativeTarget section */
		324D47062449927C00F8F042 /* FrameInCompute */ = {
			isa = PBXNativeTarget;
			buildConfigurationList = 324D47312449927E00F8F042 /* Build configuration list for PBXNativeTarget "FrameInCompute" */;
			buildPhases = (
				324D47032449927C00F8F042 /* Sources */,
				324D47042449927C00F8F042 /* Frameworks */,
				324D47052449927C00F8F042 /* Resources */,
			);
			buildRules = (
			);
			dependencies = (
			);
			name = FrameInCompute;
			productName = FrameInCompute;
			productReference = 324D47072449927C00F8F042 /* FrameInCompute.app */;
			productType = "com.apple.product-type.application";
		};
		324D471C2449927E00F8F042 /* FrameInComputeTests */ = {
			isa = PBXNativeTarget;
			buildConfigurationList = 324D47342449927E00F8F042 /* Build configuration list for PBXNativeTarget "FrameInComputeTests" */;
			buildPhases = (
				324D47192449927E00F8F042 /* Sources */,
				324D471A2449927E00F8F042 /* Frameworks */,
				324D471B2449927E00F8F042 /* Resources */,
			);
			buildRules = (
			);
			dependencies = (
				324D471F2449927E00F8F042 /* PBXTargetDependency */,
			);
			name = FrameInComputeTests;
			productName = FrameInComputeTests;
			productReference = 324D471D2449927E00F8F042 /* FrameInComputeTests.xctest */;
			productType = "com.apple.product-type.bundle.unit-test";
		};
		324D47272449927E00F8F042 /* FrameInComputeUITests */ = {
			isa = PBXNativeTarget;
			buildConfigurationList = 324D47372449927E00F8F042 /* Build configuration list for PBXNativeTarget "FrameInComputeUITests" */;
			buildPhases = (
				324D47242449927E00F8F042 /* Sources */,
				324D47252449927E00F8F042 /* Frameworks */,
				324D47262449927E00F8F042 /* Resources */,
			);
			buildRules = (
			);
			dependencies = (
				324D472A2449927E00F8F042 /* PBXTargetDependency */,
			);
			name = FrameInComputeUITests;
			productName = FrameInComputeUITests;
			productReference = 324D47282449927E00F8F042 /* FrameInComputeUITests.xctest */;
			productType = "com.apple.product-type.bundle.ui-testing";
		};
/* End PBXNativeTarget section */

/* Begin PBXProject section */
		324D46FF2449927C00F8F042 /* Project object */ = {
			isa = PBXProject;
			attributes = {
				LastSwiftUpdateCheck = 1140;
				LastUpgradeCheck = 1140;
				ORGANIZATIONNAME = ChenYuanfu;
				TargetAttributes = {
					324D47062449927C00F8F042 = {
						CreatedOnToolsVersion = 11.4;
					};
					324D471C2449927E00F8F042 = {
						CreatedOnToolsVersion = 11.4;
						TestTargetID = 324D47062449927C00F8F042;
					};
					324D47272449927E00F8F042 = {
						CreatedOnToolsVersion = 11.4;
						TestTargetID = 324D47062449927C00F8F042;
					};
				};
			};
			buildConfigurationList = 324D47022449927C00F8F042 /* Build configuration list for PBXProject "FrameInCompute" */;
			compatibilityVersion = "Xcode 9.3";
			developmentRegion = en;
			hasScannedForEncodings = 0;
			knownRegions = (
				en,
				Base,
			);
			mainGroup = 324D46FE2449927C00F8F042;
			productRefGroup = 324D47082449927C00F8F042 /* Products */;
			projectDirPath = "";
			projectRoot = "";
			targets = (
				324D47062449927C00F8F042 /* FrameInCompute */,
				324D471C2449927E00F8F042 /* FrameInComputeTests */,
				324D47272449927E00F8F042 /* FrameInComputeUITests */,
			);
		};
/* End PBXProject section */

/* Begin PBXResourcesBuildPhase section */
		324D47052449927C00F8F042 /* Resources */ = {
			isa = PBXResourcesBuildPhase;
			buildActionMask = 2147483647;
			files = (
				324D47172449927E00F8F042 /* LaunchScreen.storyboard in Resources */,
				324D47142449927E00F8F042 /* Assets.xcassets in Resources */,
				324D473B244993E900F8F042 /* rptVideo.mp4 in Resources */,
				324D47122449927C00F8F042 /* Main.storyboard in Resources */,
			);
			runOnlyForDeploymentPostprocessing = 0;
		};
		324D471B2449927E00F8F042 /* Resources */ = {
			isa = PBXResourcesBuildPhase;
			buildActionMask = 2147483647;
			files = (
			);
			runOnlyForDeploymentPostprocessing = 0;
		};
		324D47262449927E00F8F042 /* Resources */ = {
			isa = PBXResourcesBuildPhase;
			buildActionMask = 2147483647;
			files = (
			);
			runOnlyForDeploymentPostprocessing = 0;
		};
/* End PBXResourcesBuildPhase section */

/* Begin PBXSourcesBuildPhase section */
		324D47032449927C00F8F042 /* Sources */ = {
			isa = PBXSourcesBuildPhase;
			buildActionMask = 2147483647;
			files = (
				324D4E8F244D743E00F8F042 /* MixerUtilities.swift in Sources */,
				324D5237244E8DBB00F8F042 /* DisplayView.swift in Sources */,
				324D470F2449927C00F8F042 /* ViewController.swift in Sources */,
				324D4AE4244AE74B00F8F042 /* FrameMixShaders.metal in Sources */,
				324D470B2449927C00F8F042 /* AppDelegate.swift in Sources */,
				324D4AE8244AFFB300F8F042 /* FrameMixer.swift in Sources */,
				324D490F2449AE8200F8F042 /* PreviewView.swift in Sources */,
			);
			runOnlyForDeploymentPostprocessing = 0;
		};
		324D47192449927E00F8F042 /* Sources */ = {
			isa = PBXSourcesBuildPhase;
			buildActionMask = 2147483647;
			files = (
				324D47222449927E00F8F042 /* FrameInComputeTests.swift in Sources */,
			);
			runOnlyForDeploymentPostprocessing = 0;
		};
		324D47242449927E00F8F042 /* Sources */ = {
			isa = PBXSourcesBuildPhase;
			buildActionMask = 2147483647;
			files = (
				324D472D2449927E00F8F042 /* FrameInComputeUITests.swift in Sources */,
			);
			runOnlyForDeploymentPostprocessing = 0;
		};
/* End PBXSourcesBuildPhase section */

/* Begin PBXTargetDependency section */
		324D471F2449927E00F8F042 /* PBXTargetDependency */ = {
			isa = PBXTargetDependency;
			target = 324D47062449927C00F8F042 /* FrameInCompute */;
			targetProxy = 324D471E2449927E00F8F042 /* PBXContainerItemProxy */;
		};
		324D472A2449927E00F8F042 /* PBXTargetDependency */ = {
			isa = PBXTargetDependency;
			target = 324D47062449927C00F8F042 /* FrameInCompute */;
			targetProxy = 324D47292449927E00F8F042 /* PBXContainerItemProxy */;
		};
/* End PBXTargetDependency section */

/* Begin PBXVariantGroup section */
		324D47102449927C00F8F042 /* Main.storyboard */ = {
			isa = PBXVariantGroup;
			children = (
				324D47112449927C00F8F042 /* Base */,
			);
			name = Main.storyboard;
			sourceTree = "<group>";
		};
		324D47152449927E00F8F042 /* LaunchScreen.storyboard */ = {
			isa = PBXVariantGroup;
			children = (
				324D47162449927E00F8F042 /* Base */,
			);
			name = LaunchScreen.storyboard;
			sourceTree = "<group>";
		};
/* End PBXVariantGroup section */

/* Begin XCBuildConfiguration section */
		324D472F2449927E00F8F042 /* Debug */ = {
			isa = XCBuildConfiguration;
			buildSettings = {
				ALWAYS_SEARCH_USER_PATHS = NO;
				CLANG_ANALYZER_NONNULL = YES;
				CLANG_ANALYZER_NUMBER_OBJECT_CONVERSION = YES_AGGRESSIVE;
				CLANG_CXX_LANGUAGE_STANDARD = "gnu++14";
				CLANG_CXX_LIBRARY = "libc++";
				CLANG_ENABLE_MODULES = YES;
				CLANG_ENABLE_OBJC_ARC = YES;
				CLANG_ENABLE_OBJC_WEAK = YES;
				CLANG_WARN_BLOCK_CAPTURE_AUTORELEASING = YES;
				CLANG_WARN_BOOL_CONVERSION = YES;
				CLANG_WARN_COMMA = YES;
				CLANG_WARN_CONSTANT_CONVERSION = YES;
				CLANG_WARN_DEPRECATED_OBJC_IMPLEMENTATIONS = YES;
				CLANG_WARN_DIRECT_OBJC_ISA_USAGE = YES_ERROR;
				CLANG_WARN_DOCUMENTATION_COMMENTS = YES;
				CLANG_WARN_EMPTY_BODY = YES;
				CLANG_WARN_ENUM_CONVERSION = YES;
				CLANG_WARN_INFINITE_RECURSION = YES;
				CLANG_WARN_INT_CONVERSION = YES;
				CLANG_WARN_NON_LITERAL_NULL_CONVERSION = YES;
				CLANG_WARN_OBJC_IMPLICIT_RETAIN_SELF = YES;
				CLANG_WARN_OBJC_LITERAL_CONVERSION = YES;
				CLANG_WARN_OBJC_ROOT_CLASS = YES_ERROR;
				CLANG_WARN_RANGE_LOOP_ANALYSIS = YES;
				CLANG_WARN_STRICT_PROTOTYPES = YES;
				CLANG_WARN_SUSPICIOUS_MOVE = YES;
				CLANG_WARN_UNGUARDED_AVAILABILITY = YES_AGGRESSIVE;
				CLANG_WARN_UNREACHABLE_CODE = YES;
				CLANG_WARN__DUPLICATE_METHOD_MATCH = YES;
				COPY_PHASE_STRIP = NO;
				DEBUG_INFORMATION_FORMAT = dwarf;
				ENABLE_STRICT_OBJC_MSGSEND = YES;
				ENABLE_TESTABILITY = YES;
				GCC_C_LANGUAGE_STANDARD = gnu11;
				GCC_DYNAMIC_NO_PIC = NO;
				GCC_NO_COMMON_BLOCKS = YES;
				GCC_OPTIMIZATION_LEVEL = 0;
				GCC_PREPROCESSOR_DEFINITIONS = (
					"DEBUG=1",
					"$(inherited)",
				);
				GCC_WARN_64_TO_32_BIT_CONVERSION = YES;
				GCC_WARN_ABOUT_RETURN_TYPE = YES_ERROR;
				GCC_WARN_UNDECLARED_SELECTOR = YES;
				GCC_WARN_UNINITIALIZED_AUTOS = YES_AGGRESSIVE;
				GCC_WARN_UNUSED_FUNCTION = YES;
				GCC_WARN_UNUSED_VARIABLE = YES;
				IPHONEOS_DEPLOYMENT_TARGET = 12.0;
				MTL_ENABLE_DEBUG_INFO = INCLUDE_SOURCE;
				MTL_FAST_MATH = YES;
				ONLY_ACTIVE_ARCH = YES;
				SDKROOT = iphoneos;
				SWIFT_ACTIVE_COMPILATION_CONDITIONS = DEBUG;
				SWIFT_OPTIMIZATION_LEVEL = "-Onone";
			};
			name = Debug;
		};
		324D47302449927E00F8F042 /* Release */ = {
			isa = XCBuildConfiguration;
			buildSettings = {
				ALWAYS_SEARCH_USER_PATHS = NO;
				CLANG_ANALYZER_NONNULL = YES;
				CLANG_ANALYZER_NUMBER_OBJECT_CONVERSION = YES_AGGRESSIVE;
				CLANG_CXX_LANGUAGE_STANDARD = "gnu++14";
				CLANG_CXX_LIBRARY = "libc++";
				CLANG_ENABLE_MODULES = YES;
				CLANG_ENABLE_OBJC_ARC = YES;
				CLANG_ENABLE_OBJC_WEAK = YES;
				CLANG_WARN_BLOCK_CAPTURE_AUTORELEASING = YES;
				CLANG_WARN_BOOL_CONVERSION = YES;
				CLANG_WARN_COMMA = YES;
				CLANG_WARN_CONSTANT_CONVERSION = YES;
				CLANG_WARN_DEPRECATED_OBJC_IMPLEMENTATIONS = YES;
				CLANG_WARN_DIRECT_OBJC_ISA_USAGE = YES_ERROR;
				CLANG_WARN_DOCUMENTATION_COMMENTS = YES;
				CLANG_WARN_EMPTY_BODY = YES;
				CLANG_WARN_ENUM_CONVERSION = YES;
				CLANG_WARN_INFINITE_RECURSION = YES;
				CLANG_WARN_INT_CONVERSION = YES;
				CLANG_WARN_NON_LITERAL_NULL_CONVERSION = YES;
				CLANG_WARN_OBJC_IMPLICIT_RETAIN_SELF = YES;
				CLANG_WARN_OBJC_LITERAL_CONVERSION = YES;
				CLANG_WARN_OBJC_ROOT_CLASS = YES_ERROR;
				CLANG_WARN_RANGE_LOOP_ANALYSIS = YES;
				CLANG_WARN_STRICT_PROTOTYPES = YES;
				CLANG_WARN_SUSPICIOUS_MOVE = YES;
				CLANG_WARN_UNGUARDED_AVAILABILITY = YES_AGGRESSIVE;
				CLANG_WARN_UNREACHABLE_CODE = YES;
				CLANG_WARN__DUPLICATE_METHOD_MATCH = YES;
				COPY_PHASE_STRIP = NO;
				DEBUG_INFORMATION_FORMAT = "dwarf-with-dsym";
				ENABLE_NS_ASSERTIONS = NO;
				ENABLE_STRICT_OBJC_MSGSEND = YES;
				GCC_C_LANGUAGE_STANDARD = gnu11;
				GCC_NO_COMMON_BLOCKS = YES;
				GCC_WARN_64_TO_32_BIT_CONVERSION = YES;
				GCC_WARN_ABOUT_RETURN_TYPE = YES_ERROR;
				GCC_WARN_UNDECLARED_SELECTOR = YES;
				GCC_WARN_UNINITIALIZED_AUTOS = YES_AGGRESSIVE;
				GCC_WARN_UNUSED_FUNCTION = YES;
				GCC_WARN_UNUSED_VARIABLE = YES;
				IPHONEOS_DEPLOYMENT_TARGET = 12.0;
				MTL_ENABLE_DEBUG_INFO = NO;
				MTL_FAST_MATH = YES;
				SDKROOT = iphoneos;
				SWIFT_COMPILATION_MODE = wholemodule;
				SWIFT_OPTIMIZATION_LEVEL = "-O";
				VALIDATE_PRODUCT = YES;
			};
			name = Release;
		};
		324D47322449927E00F8F042 /* Debug */ = {
			isa = XCBuildConfiguration;
			buildSettings = {
				ASSETCATALOG_COMPILER_APPICON_NAME = AppIcon;
				CODE_SIGN_STYLE = Automatic;
				DEVELOPMENT_TEAM = 7UKCH28MMH;
				INFOPLIST_FILE = FrameInCompute/Info.plist;
				LD_RUNPATH_SEARCH_PATHS = (
					"$(inherited)",
					"@executable_path/Frameworks",
				);
				PRODUCT_BUNDLE_IDENTIFIER = ai.think.ios.mdeia.video.hovermedia..FrameInCompute;
				PRODUCT_NAME = "$(TARGET_NAME)";
				SWIFT_VERSION = 5.0;
				TARGETED_DEVICE_FAMILY = "1,2";
			};
			name = Debug;
		};
		324D47332449927E00F8F042 /* Release */ = {
			isa = XCBuildConfiguration;
			buildSettings = {
				ASSETCATALOG_COMPILER_APPICON_NAME = AppIcon;
				CODE_SIGN_STYLE = Automatic;
				DEVELOPMENT_TEAM = 7UKCH28MMH;
				INFOPLIST_FILE = FrameInCompute/Info.plist;
				LD_RUNPATH_SEARCH_PATHS = (
					"$(inherited)",
					"@executable_path/Frameworks",
				);
				PRODUCT_BUNDLE_IDENTIFIER = ai.think.ios.mdeia.video.hovermedia..FrameInCompute;
				PRODUCT_NAME = "$(TARGET_NAME)";
				SWIFT_VERSION = 5.0;
				TARGETED_DEVICE_FAMILY = "1,2";
			};
			name = Release;
		};
		324D47352449927E00F8F042 /* Debug */ = {
			isa = XCBuildConfiguration;
			buildSettings = {
				ALWAYS_EMBED_SWIFT_STANDARD_LIBRARIES = YES;
				BUNDLE_LOADER = "$(TEST_HOST)";
				CODE_SIGN_STYLE = Automatic;
				DEVELOPMENT_TEAM = 7UKCH28MMH;
				INFOPLIST_FILE = FrameInComputeTests/Info.plist;
				IPHONEOS_DEPLOYMENT_TARGET = 13.4;
				LD_RUNPATH_SEARCH_PATHS = (
					"$(inherited)",
					"@executable_path/Frameworks",
					"@loader_path/Frameworks",
				);
				PRODUCT_BUNDLE_IDENTIFIER = ai.think.ios.mdeia.video.hovermedia..FrameInComputeTests;
				PRODUCT_NAME = "$(TARGET_NAME)";
				SWIFT_VERSION = 5.0;
				TARGETED_DEVICE_FAMILY = "1,2";
				TEST_HOST = "$(BUILT_PRODUCTS_DIR)/FrameInCompute.app/FrameInCompute";
			};
			name = Debug;
		};
		324D47362449927E00F8F042 /* Release */ = {
			isa = XCBuildConfiguration;
			buildSettings = {
				ALWAYS_EMBED_SWIFT_STANDARD_LIBRARIES = YES;
				BUNDLE_LOADER = "$(TEST_HOST)";
				CODE_SIGN_STYLE = Automatic;
				DEVELOPMENT_TEAM = 7UKCH28MMH;
				INFOPLIST_FILE = FrameInComputeTests/Info.plist;
				IPHONEOS_DEPLOYMENT_TARGET = 13.4;
				LD_RUNPATH_SEARCH_PATHS = (
					"$(inherited)",
					"@executable_path/Frameworks",
					"@loader_path/Frameworks",
				);
				PRODUCT_BUNDLE_IDENTIFIER = ai.think.ios.mdeia.video.hovermedia..FrameInComputeTests;
				PRODUCT_NAME = "$(TARGET_NAME)";
				SWIFT_VERSION = 5.0;
				TARGETED_DEVICE_FAMILY = "1,2";
				TEST_HOST = "$(BUILT_PRODUCTS_DIR)/FrameInCompute.app/FrameInCompute";
			};
			name = Release;
		};
		324D47382449927E00F8F042 /* Debug */ = {
			isa = XCBuildConfiguration;
			buildSettings = {
				ALWAYS_EMBED_SWIFT_STANDARD_LIBRARIES = YES;
				CODE_SIGN_STYLE = Automatic;
				DEVELOPMENT_TEAM = 7UKCH28MMH;
				INFOPLIST_FILE = FrameInComputeUITests/Info.plist;
				LD_RUNPATH_SEARCH_PATHS = (
					"$(inherited)",
					"@executable_path/Frameworks",
					"@loader_path/Frameworks",
				);
				PRODUCT_BUNDLE_IDENTIFIER = ai.think.ios.mdeia.video.hovermedia..FrameInComputeUITests;
				PRODUCT_NAME = "$(TARGET_NAME)";
				SWIFT_VERSION = 5.0;
				TARGETED_DEVICE_FAMILY = "1,2";
				TEST_TARGET_NAME = FrameInCompute;
			};
			name = Debug;
		};
		324D47392449927E00F8F042 /* Release */ = {
			isa = XCBuildConfiguration;
			buildSettings = {
				ALWAYS_EMBED_SWIFT_STANDARD_LIBRARIES = YES;
				CODE_SIGN_STYLE = Automatic;
				DEVELOPMENT_TEAM = 7UKCH28MMH;
				INFOPLIST_FILE = FrameInComputeUITests/Info.plist;
				LD_RUNPATH_SEARCH_PATHS = (
					"$(inherited)",
					"@executable_path/Frameworks",
					"@loader_path/Frameworks",
				);
				PRODUCT_BUNDLE_IDENTIFIER = ai.think.ios.mdeia.video.hovermedia..FrameInComputeUITests;
				PRODUCT_NAME = "$(TARGET_NAME)";
				SWIFT_VERSION = 5.0;
				TARGETED_DEVICE_FAMILY = "1,2";
				TEST_TARGET_NAME = FrameInCompute;
			};
			name = Release;
		};
/* End XCBuildConfiguration section */

/* Begin XCConfigurationList section */
		324D47022449927C00F8F042 /* Build configuration list for PBXProject "FrameInCompute" */ = {
			isa = XCConfigurationList;
			buildConfigurations = (
				324D472F2449927E00F8F042 /* Debug */,
				324D47302449927E00F8F042 /* Release */,
			);
			defaultConfigurationIsVisible = 0;
			defaultConfigurationName = Release;
		};
		324D47312449927E00F8F042 /* Build configuration list for PBXNativeTarget "FrameInCompute" */ = {
			isa = XCConfigurationList;
			buildConfigurations = (
				324D47322449927E00F8F042 /* Debug */,
				324D47332449927E00F8F042 /* Release */,
			);
			defaultConfigurationIsVisible = 0;
			defaultConfigurationName = Release;
		};
		324D47342449927E00F8F042 /* Build configuration list for PBXNativeTarget "FrameInComputeTests" */ = {
			isa = XCConfigurationList;
			buildConfigurations = (
				324D47352449927E00F8F042 /* Debug */,
				324D47362449927E00F8F042 /* Release */,
			);
			defaultConfigurationIsVisible = 0;
			defaultConfigurationName = Release;
		};
		324D47372449927E00F8F042 /* Build configuration list for PBXNativeTarget "FrameInComputeUITests" */ = {
			isa = XCConfigurationList;
			buildConfigurations = (
				324D47382449927E00F8F042 /* Debug */,
				324D47392449927E00F8F042 /* Release */,
			);
			defaultConfigurationIsVisible = 0;
			defaultConfigurationName = Release;
		};
/* End XCConfigurationList section */
	};
	rootObject = 324D46FF2449927C00F8F042 /* Project object */;
}
